GEM
  remote: https://rubygems.org/
  specs:
    base64 (0.3.0)
    bigdecimal (4.1.2)
    mpp-rb (0.1.3)
      base64 (~> 0.3)
    sorbet-runtime (0.6.13266)

PLATFORMS
  aarch64-linux
  arm64-darwin-24
  ruby
  x86_64-linux

DEPENDENCIES
  bigdecimal
  mpp-rb (= 0.1.3)
  sorbet-runtime (~> 0.6)

CHECKSUMS
  base64 (0.3.0) sha256=27337aeabad6ffae05c265c450490628ef3ebd4b67be58257393227588f5a97b
  bigdecimal (4.1.2) sha256=53d217666027eab4280346fba98e7d5b66baaae1b9c3c1c0ffe89d48188a3fbd
  mpp-rb (0.1.3) sha256=7293528c9ab4bb833853968ba2c32636c6e23a1248898ce32d1c77f9f50dfade
  sorbet-runtime (0.6.13266) sha256=4a7123b62a9174d64a80ec5feae6abbf2d68553cc4c77315c0633b72c9823cc9

BUNDLED WITH
  4.0.9
